
Microsoft Visual Studio Solution File, Format Version 12.00
# Visual Studio Version 17
VisualStudioVersion = 17.4.33213.308
MinimumVisualStudioVersion = 10.0.40219.1
Project("{FAE04EC0-301F-11D3-BF4B-00C04F79EFBC}") = "CalculadoraImc", "CalculadoraImc\CalculadoraImc.csproj", "{8B82B068-AFA9-4881-9F88-5B664F1511C3}"
EndProject
Project("{FAE04EC0-301F-11D3-BF4B-00C04F79EFBC}") = "TestCalcularImc", "TestCalcularImc\TestCalcularImc.csproj", "{C54D16BB-0248-4FCC-B39D-9C6F571829FE}"
EndProject
Project("{FAE04EC0-301F-11D3-BF4B-00C04F79EFBC}") = "TestXUnit", "TestXUnit\TestXUnit.csproj", "{7681EBB3-E360-4457-BBB4-14D8C3CE02F5}"
EndProject
Global
	GlobalSection(SolutionConfigurationPlatforms) = preSolution
		Debug|Any CPU = Debug|Any CPU
		Release|Any CPU = Release|Any CPU
	EndGlobalSection
	GlobalSection(ProjectConfigurationPlatforms) = postSolution
		{8B82B068-AFA9-4881-9F88-5B664F1511C3}.Debug|Any CPU.ActiveCfg = Debug|Any CPU
		{8B82B068-AFA9-4881-9F88-5B664F1511C3}.Debug|Any CPU.Build.0 = Debug|Any CPU
		{8B82B068-AFA9-4881-9F88-5B664F1511C3}.Release|Any CPU.ActiveCfg = Release|Any CPU
		{8B82B068-AFA9-4881-9F88-5B664F1511C3}.Release|Any CPU.Build.0 = Release|Any CPU
		{C54D16BB-0248-4FCC-B39D-9C6F571829FE}.Debug|Any CPU.ActiveCfg = Debug|Any CPU
		{C54D16BB-0248-4FCC-B39D-9C6F571829FE}.Debug|Any CPU.Build.0 = Debug|Any CPU
		{C54D16BB-0248-4FCC-B39D-9C6F571829FE}.Release|Any CPU.ActiveCfg = Release|Any CPU
		{C54D16BB-0248-4FCC-B39D-9C6F571829FE}.Release|Any CPU.Build.0 = Release|Any CPU
		{7681EBB3-E360-4457-BBB4-14D8C3CE02F5}.Debug|Any CPU.ActiveCfg = Debug|Any CPU
		{7681EBB3-E360-4457-BBB4-14D8C3CE02F5}.Debug|Any CPU.Build.0 = Debug|Any CPU
		{7681EBB3-E360-4457-BBB4-14D8C3CE02F5}.Release|Any CPU.ActiveCfg = Release|Any CPU
		{7681EBB3-E360-4457-BBB4-14D8C3CE02F5}.Release|Any CPU.Build.0 = Release|Any CPU
	EndGlobalSection
	GlobalSection(SolutionProperties) = preSolution
		HideSolutionNode = FALSE
	EndGlobalSection
	GlobalSection(ExtensibilityGlobals) = postSolution
		SolutionGuid = {DDFD4598-29AA-4B06-AF56-6CE8619C47E0}
	EndGlobalSection
EndGlobal
